# This file is automatically @generated by Cargo.
# It is not intended for manual editing.
version = 3

[[package]]
name = "bitflags"
version = "1.3.2"
source = "registry+https://github.com/rust-lang/crates.io-index"
checksum = "bef38d45163c2f1dde094a7dfd33ccf595c92905c8f8f4fdc18d06fb1037718a"

[[package]]
name = "lset"
version = "0.2.0"
source = "git+https://github.com/enarx/lset?branch=main#c63f8c10bf8740765d2a669f892ce61a74087314"

[[package]]
name = "mmledger"
version = "0.1.13"
dependencies = [
 "bitflags",
 "lset",
 "primordial",
]

[[package]]
name = "primordial"
version = "0.4.0"
source = "git+https://github.com/enarx/primordial?branch=main#c6b1003bbc895e962afae932b80eb32be8da6612"
